
Microsoft Visual Studio Solution File, Format Version 12.00
# Visual Studio 14
VisualStudioVersion = 14.0.25420.1
MinimumVisualStudioVersion = 10.0.40219.1
Project("{A07B5EB6-E848-4116-A8D0-A826331D98C6}") = "GatewayApplication", "apps\S-Innovations.ServiceFabric.GatewayApplication\GatewayApplication.sfproj", "{15D89FA3-3D3E-482C-A8B5-31D3577B3B8F}"
EndProject
Project("{2150E333-8FDC-42A3-9474-1A3956D46DE8}") = "RegistrationMiddleware", "RegistrationMiddleware", "{1323A766-DD9B-46E8-9A0E-C45DDF252BBC}"
EndProject
Project("{2150E333-8FDC-42A3-9474-1A3956D46DE8}") = "Gateway", "Gateway", "{D75BDCC0-907D-4125-9EBC-815A8F5054DB}"
EndProject
Project("{2150E333-8FDC-42A3-9474-1A3956D46DE8}") = "Solution Items", "Solution Items", "{C6CE75DC-7D1C-4A2F-B9A0-7D015AB52A95}"
	ProjectSection(SolutionItems) = preProject
		global.json = global.json
		packages\Microsoft.ServiceFabric.Actors.0.6.0-preview-01.nupkg = packages\Microsoft.ServiceFabric.Actors.0.6.0-preview-01.nupkg
		packages\Microsoft.ServiceFabric.Data.0.6.0-preview-01.nupkg = packages\Microsoft.ServiceFabric.Data.0.6.0-preview-01.nupkg
		packages\Microsoft.ServiceFabric.Data.Impl.0.6.0-preview-01.nupkg = packages\Microsoft.ServiceFabric.Data.Impl.0.6.0-preview-01.nupkg
		packages\Microsoft.ServiceFabric.Data.Interfaces.0.6.0-preview-01.nupkg = packages\Microsoft.ServiceFabric.Data.Interfaces.0.6.0-preview-01.nupkg
		packages\Microsoft.ServiceFabric.Internal.0.6.0-preview-01.nupkg = packages\Microsoft.ServiceFabric.Internal.0.6.0-preview-01.nupkg
		packages\Microsoft.ServiceFabric.Internal.Strings.0.6.0-preview-01.nupkg = packages\Microsoft.ServiceFabric.Internal.Strings.0.6.0-preview-01.nupkg
		packages\Microsoft.ServiceFabric.Services.0.6.0-preview-01.nupkg = packages\Microsoft.ServiceFabric.Services.0.6.0-preview-01.nupkg
		Nuget.config = Nuget.config
		readme.md = readme.md
		packages\ServiceFabricServiceModel.0.6.0-preview-01.nupkg = packages\ServiceFabricServiceModel.0.6.0-preview-01.nupkg
		packages\System.Fabric.5.0.1-preview-01.nupkg = packages\System.Fabric.5.0.1-preview-01.nupkg
		packages\System.Fabric.Management.ServiceModel.5.0.0-preview-01.nupkg = packages\System.Fabric.Management.ServiceModel.5.0.0-preview-01.nupkg
		packages\System.Fabric.Management.ServiceModel.5.0.1-preview-01.nupkg = packages\System.Fabric.Management.ServiceModel.5.0.1-preview-01.nupkg
		packages\system.fabric.strings.5.0.0-preview-01.nupkg = packages\system.fabric.strings.5.0.0-preview-01.nupkg
		packages\system.fabric.strings.5.0.1-preview-01.nupkg = packages\system.fabric.strings.5.0.1-preview-01.nupkg
	EndProjectSection
EndProject
Project("{8BB2217D-0F2D-49D1-97BC-3654ED321F3B}") = "S-Innovations.ServiceFabric.GatewayService", "apps\S-Innovations.ServiceFabric.GatewayService\S-Innovations.ServiceFabric.GatewayService.xproj", "{5981B53E-369E-4112-89F5-E3CF04EB9F02}"
EndProject
Project("{8BB2217D-0F2D-49D1-97BC-3654ED321F3B}") = "S-Innovations.ServiceFabric.Gateway.Common", "src\S-Innovations.ServiceFabric.Gateway.Common\S-Innovations.ServiceFabric.Gateway.Common.xproj", "{E1DD588D-46C9-4FCA-A161-FCC1E7E275D7}"
EndProject
Project("{8BB2217D-0F2D-49D1-97BC-3654ED321F3B}") = "RegistrationMiddleware.Owin", "src\RegistrationMiddleware.Owin\RegistrationMiddleware.Owin.xproj", "{8F936D3B-CA28-4160-8181-1FE00C2B29E4}"
EndProject
Project("{8BB2217D-0F2D-49D1-97BC-3654ED321F3B}") = "S-Innovations.ServiceFabric.RegistrationMiddleware.AspNetCore", "src\S-Innovations.ServiceFabric.RegistrationMiddleware.AspNetCore\S-Innovations.ServiceFabric.RegistrationMiddleware.AspNetCore.xproj", "{9CDC0E92-36CA-4014-B503-17E077F6A2A2}"
EndProject
Project("{2150E333-8FDC-42A3-9474-1A3956D46DE8}") = "Storage", "Storage", "{A976CAEE-2F6C-4D09-8567-D4C3E9484556}"
EndProject
Project("{8BB2217D-0F2D-49D1-97BC-3654ED321F3B}") = "S-Innovations.ServiceFabric.Storage", "src\S-Innovations.ServiceFabric.Storage\S-Innovations.ServiceFabric.Storage.xproj", "{E7A3FC26-59C6-4598-A847-558A94033653}"
EndProject
Project("{2150E333-8FDC-42A3-9474-1A3956D46DE8}") = "Tools", "Tools", "{24ED0EB2-41B8-42B4-8DCC-D31A82312BEE}"
EndProject
Project("{8BB2217D-0F2D-49D1-97BC-3654ED321F3B}") = "S-Innovations.ServiceFabric.CoreCLR.Tools.FabUtil", "src\S-Innovations.ServiceFabric.CoreCLR.Tools.FabUtil\S-Innovations.ServiceFabric.CoreCLR.Tools.FabUtil.xproj", "{6CCFCCFB-584F-4BD1-915F-9D721F297D15}"
EndProject
Global
	GlobalSection(SolutionConfigurationPlatforms) = preSolution
		Debug|Any CPU = Debug|Any CPU
		Debug|x64 = Debug|x64
		Release|Any CPU = Release|Any CPU
		Release|x64 = Release|x64
	EndGlobalSection
	GlobalSection(ProjectConfigurationPlatforms) = postSolution
		{15D89FA3-3D3E-482C-A8B5-31D3577B3B8F}.Debug|Any CPU.ActiveCfg = Debug|x64
		{15D89FA3-3D3E-482C-A8B5-31D3577B3B8F}.Debug|x64.ActiveCfg = Debug|x64
		{15D89FA3-3D3E-482C-A8B5-31D3577B3B8F}.Debug|x64.Build.0 = Debug|x64
		{15D89FA3-3D3E-482C-A8B5-31D3577B3B8F}.Debug|x64.Deploy.0 = Debug|x64
		{15D89FA3-3D3E-482C-A8B5-31D3577B3B8F}.Release|Any CPU.ActiveCfg = Release|x64
		{15D89FA3-3D3E-482C-A8B5-31D3577B3B8F}.Release|x64.ActiveCfg = Release|x64
		{15D89FA3-3D3E-482C-A8B5-31D3577B3B8F}.Release|x64.Build.0 = Release|x64
		{15D89FA3-3D3E-482C-A8B5-31D3577B3B8F}.Release|x64.Deploy.0 = Release|x64
		{5981B53E-369E-4112-89F5-E3CF04EB9F02}.Debug|Any CPU.ActiveCfg = Debug|Any CPU
		{5981B53E-369E-4112-89F5-E3CF04EB9F02}.Debug|Any CPU.Build.0 = Debug|Any CPU
		{5981B53E-369E-4112-89F5-E3CF04EB9F02}.Debug|x64.ActiveCfg = Debug|Any CPU
		{5981B53E-369E-4112-89F5-E3CF04EB9F02}.Debug|x64.Build.0 = Debug|Any CPU
		{5981B53E-369E-4112-89F5-E3CF04EB9F02}.Release|Any CPU.ActiveCfg = Release|Any CPU
		{5981B53E-369E-4112-89F5-E3CF04EB9F02}.Release|x64.ActiveCfg = Release|Any CPU
		{5981B53E-369E-4112-89F5-E3CF04EB9F02}.Release|x64.Build.0 = Release|Any CPU
		{E1DD588D-46C9-4FCA-A161-FCC1E7E275D7}.Debug|Any CPU.ActiveCfg = Debug|Any CPU
		{E1DD588D-46C9-4FCA-A161-FCC1E7E275D7}.Debug|Any CPU.Build.0 = Debug|Any CPU
		{E1DD588D-46C9-4FCA-A161-FCC1E7E275D7}.Debug|x64.ActiveCfg = Debug|Any CPU
		{E1DD588D-46C9-4FCA-A161-FCC1E7E275D7}.Debug|x64.Build.0 = Debug|Any CPU
		{E1DD588D-46C9-4FCA-A161-FCC1E7E275D7}.Release|Any CPU.ActiveCfg = Release|Any CPU
		{E1DD588D-46C9-4FCA-A161-FCC1E7E275D7}.Release|Any CPU.Build.0 = Release|Any CPU
		{E1DD588D-46C9-4FCA-A161-FCC1E7E275D7}.Release|x64.ActiveCfg = Release|Any CPU
		{E1DD588D-46C9-4FCA-A161-FCC1E7E275D7}.Release|x64.Build.0 = Release|Any CPU
		{8F936D3B-CA28-4160-8181-1FE00C2B29E4}.Debug|Any CPU.ActiveCfg = Debug|Any CPU
		{8F936D3B-CA28-4160-8181-1FE00C2B29E4}.Debug|Any CPU.Build.0 = Debug|Any CPU
		{8F936D3B-CA28-4160-8181-1FE00C2B29E4}.Debug|x64.ActiveCfg = Debug|Any CPU
		{8F936D3B-CA28-4160-8181-1FE00C2B29E4}.Debug|x64.Build.0 = Debug|Any CPU
		{8F936D3B-CA28-4160-8181-1FE00C2B29E4}.Release|Any CPU.ActiveCfg = Release|Any CPU
		{8F936D3B-CA28-4160-8181-1FE00C2B29E4}.Release|Any CPU.Build.0 = Release|Any CPU
		{8F936D3B-CA28-4160-8181-1FE00C2B29E4}.Release|x64.ActiveCfg = Release|Any CPU
		{9CDC0E92-36CA-4014-B503-17E077F6A2A2}.Debug|Any CPU.ActiveCfg = Debug|Any CPU
		{9CDC0E92-36CA-4014-B503-17E077F6A2A2}.Debug|Any CPU.Build.0 = Debug|Any CPU
		{9CDC0E92-36CA-4014-B503-17E077F6A2A2}.Debug|x64.ActiveCfg = Debug|Any CPU
		{9CDC0E92-36CA-4014-B503-17E077F6A2A2}.Debug|x64.Build.0 = Debug|Any CPU
		{9CDC0E92-36CA-4014-B503-17E077F6A2A2}.Release|Any CPU.ActiveCfg = Release|Any CPU
		{9CDC0E92-36CA-4014-B503-17E077F6A2A2}.Release|Any CPU.Build.0 = Release|Any CPU
		{9CDC0E92-36CA-4014-B503-17E077F6A2A2}.Release|x64.ActiveCfg = Release|Any CPU
		{9CDC0E92-36CA-4014-B503-17E077F6A2A2}.Release|x64.Build.0 = Release|Any CPU
		{E7A3FC26-59C6-4598-A847-558A94033653}.Debug|Any CPU.ActiveCfg = Debug|Any CPU
		{E7A3FC26-59C6-4598-A847-558A94033653}.Debug|Any CPU.Build.0 = Debug|Any CPU
		{E7A3FC26-59C6-4598-A847-558A94033653}.Debug|x64.ActiveCfg = Debug|Any CPU
		{E7A3FC26-59C6-4598-A847-558A94033653}.Debug|x64.Build.0 = Debug|Any CPU
		{E7A3FC26-59C6-4598-A847-558A94033653}.Release|Any CPU.ActiveCfg = Release|Any CPU
		{E7A3FC26-59C6-4598-A847-558A94033653}.Release|Any CPU.Build.0 = Release|Any CPU
		{E7A3FC26-59C6-4598-A847-558A94033653}.Release|x64.ActiveCfg = Release|Any CPU
		{E7A3FC26-59C6-4598-A847-558A94033653}.Release|x64.Build.0 = Release|Any CPU
		{6CCFCCFB-584F-4BD1-915F-9D721F297D15}.Debug|Any CPU.ActiveCfg = Debug|Any CPU
		{6CCFCCFB-584F-4BD1-915F-9D721F297D15}.Debug|Any CPU.Build.0 = Debug|Any CPU
		{6CCFCCFB-584F-4BD1-915F-9D721F297D15}.Debug|x64.ActiveCfg = Debug|Any CPU
		{6CCFCCFB-584F-4BD1-915F-9D721F297D15}.Debug|x64.Build.0 = Debug|Any CPU
		{6CCFCCFB-584F-4BD1-915F-9D721F297D15}.Release|Any CPU.ActiveCfg = Release|Any CPU
		{6CCFCCFB-584F-4BD1-915F-9D721F297D15}.Release|Any CPU.Build.0 = Release|Any CPU
		{6CCFCCFB-584F-4BD1-915F-9D721F297D15}.Release|x64.ActiveCfg = Release|Any CPU
		{6CCFCCFB-584F-4BD1-915F-9D721F297D15}.Release|x64.Build.0 = Release|Any CPU
	EndGlobalSection
	GlobalSection(SolutionProperties) = preSolution
		HideSolutionNode = FALSE
	EndGlobalSection
	GlobalSection(NestedProjects) = preSolution
		{15D89FA3-3D3E-482C-A8B5-31D3577B3B8F} = {D75BDCC0-907D-4125-9EBC-815A8F5054DB}
		{1323A766-DD9B-46E8-9A0E-C45DDF252BBC} = {D75BDCC0-907D-4125-9EBC-815A8F5054DB}
		{5981B53E-369E-4112-89F5-E3CF04EB9F02} = {D75BDCC0-907D-4125-9EBC-815A8F5054DB}
		{E1DD588D-46C9-4FCA-A161-FCC1E7E275D7} = {D75BDCC0-907D-4125-9EBC-815A8F5054DB}
		{8F936D3B-CA28-4160-8181-1FE00C2B29E4} = {1323A766-DD9B-46E8-9A0E-C45DDF252BBC}
		{9CDC0E92-36CA-4014-B503-17E077F6A2A2} = {D75BDCC0-907D-4125-9EBC-815A8F5054DB}
		{E7A3FC26-59C6-4598-A847-558A94033653} = {A976CAEE-2F6C-4D09-8567-D4C3E9484556}
		{6CCFCCFB-584F-4BD1-915F-9D721F297D15} = {24ED0EB2-41B8-42B4-8DCC-D31A82312BEE}
	EndGlobalSection
EndGlobal
